
Microsoft Visual Studio Solution File, Format Version 12.00
# Visual Studio Version 17
VisualStudioVersion = 17.2.32516.85
MinimumVisualStudioVersion = 10.0.40219.1
Project("{FAE04EC0-301F-11D3-BF4B-00C04F79EFBC}") = "APL", "SOLID\APL.csproj", "{6CBC22E0-4D41-4102-80FA-0B88C1D7BB47}"
EndProject
Project("{FAE04EC0-301F-11D3-BF4B-00C04F79EFBC}") = "BLL", "BLL\BLL.csproj", "{236D7131-28B1-46A3-A6FB-B0F213710148}"
EndProject
Project("{FAE04EC0-301F-11D3-BF4B-00C04F79EFBC}") = "DAL", "DAL\DAL.csproj", "{43244669-B9AE-40BF-B1D1-18024E8D7760}"
EndProject
Global
	GlobalSection(SolutionConfigurationPlatforms) = preSolution
		Debug|Any CPU = Debug|Any CPU
		Release|Any CPU = Release|Any CPU
	EndGlobalSection
	GlobalSection(ProjectConfigurationPlatforms) = postSolution
		{6CBC22E0-4D41-4102-80FA-0B88C1D7BB47}.Debug|Any CPU.ActiveCfg = Debug|Any CPU
		{6CBC22E0-4D41-4102-80FA-0B88C1D7BB47}.Debug|Any CPU.Build.0 = Debug|Any CPU
		{6CBC22E0-4D41-4102-80FA-0B88C1D7BB47}.Release|Any CPU.ActiveCfg = Release|Any CPU
		{6CBC22E0-4D41-4102-80FA-0B88C1D7BB47}.Release|Any CPU.Build.0 = Release|Any CPU
		{236D7131-28B1-46A3-A6FB-B0F213710148}.Debug|Any CPU.ActiveCfg = Debug|Any CPU
		{236D7131-28B1-46A3-A6FB-B0F213710148}.Debug|Any CPU.Build.0 = Debug|Any CPU
		{236D7131-28B1-46A3-A6FB-B0F213710148}.Release|Any CPU.ActiveCfg = Release|Any CPU
		{236D7131-28B1-46A3-A6FB-B0F213710148}.Release|Any CPU.Build.0 = Release|Any CPU
		{43244669-B9AE-40BF-B1D1-18024E8D7760}.Debug|Any CPU.ActiveCfg = Debug|Any CPU
		{43244669-B9AE-40BF-B1D1-18024E8D7760}.Debug|Any CPU.Build.0 = Debug|Any CPU
		{43244669-B9AE-40BF-B1D1-18024E8D7760}.Release|Any CPU.ActiveCfg = Release|Any CPU
		{43244669-B9AE-40BF-B1D1-18024E8D7760}.Release|Any CPU.Build.0 = Release|Any CPU
	EndGlobalSection
	GlobalSection(SolutionProperties) = preSolution
		HideSolutionNode = FALSE
	EndGlobalSection
	GlobalSection(ExtensibilityGlobals) = postSolution
		SolutionGuid = {D0BEE37E-3E19-4383-87F2-C52D144234EF}
	EndGlobalSection
EndGlobal
